// !$*UTF8*$!
{
	archiveVersion = 1;
	classes = {
	};
	objectVersion = 52;
	objects = {

/* Begin PBXBuildFile section */
		7F0E82E8269FC5BC00FA607E /* AppDelegate.swift in Sources */ = {isa = PBXBuildFile; fileRef = 7F0E82E7269FC5BC00FA607E /* AppDelegate.swift */; };
		7F0E82EA269FC5BC00FA607E /* SceneDelegate.swift in Sources */ = {isa = PBXBuildFile; fileRef = 7F0E82E9269FC5BC00FA607E /* SceneDelegate.swift */; };
		7F0E82EF269FC5BC00FA607E /* Main.storyboard in Resources */ = {isa = PBXBuildFile; fileRef = 7F0E82ED269FC5BC00FA607E /* Main.storyboard */; };
		7F0E82F1269FC5BD00FA607E /* Assets.xcassets in Resources */ = {isa = PBXBuildFile; fileRef = 7F0E82F0269FC5BD00FA607E /* Assets.xcassets */; };
		7F0E82F4269FC5BD00FA607E /* LaunchScreen.storyboard in Resources */ = {isa = PBXBuildFile; fileRef = 7F0E82F2269FC5BD00FA607E /* LaunchScreen.storyboard */; };
		7F588CA326C94A270064B1A3 /* NewsNetworkWorker.swift in Sources */ = {isa = PBXBuildFile; fileRef = 7F588CA226C94A270064B1A3 /* NewsNetworkWorker.swift */; };
		7F588CA626C94BD90064B1A3 /* NError.swift in Sources */ = {isa = PBXBuildFile; fileRef = 7F588CA526C94BD90064B1A3 /* NError.swift */; };
		7F588CA826C952680064B1A3 /* Result.swift in Sources */ = {isa = PBXBuildFile; fileRef = 7F588CA726C952680064B1A3 /* Result.swift */; };
		7F59742E26A4F7C4003CDC96 /* UIImageExtensions.swift in Sources */ = {isa = PBXBuildFile; fileRef = 7F59742D26A4F7C4003CDC96 /* UIImageExtensions.swift */; };
		7F990D602A6DDD51004E21BA /* NewsCollectionDataStore.swift in Sources */ = {isa = PBXBuildFile; fileRef = 7F990D5F2A6DDD51004E21BA /* NewsCollectionDataStore.swift */; };
		7F990D642A6DDD9D004E21BA /* NewsCollectionModel.swift in Sources */ = {isa = PBXBuildFile; fileRef = 7F990D632A6DDD9D004E21BA /* NewsCollectionModel.swift */; };
		7F990D662A6DDDEF004E21BA /* NewsCollectionInteractor.swift in Sources */ = {isa = PBXBuildFile; fileRef = 7F990D652A6DDDEF004E21BA /* NewsCollectionInteractor.swift */; };
		7F990D682A6DDE0F004E21BA /* NewsCollectionPresenter.swift in Sources */ = {isa = PBXBuildFile; fileRef = 7F990D672A6DDE0F004E21BA /* NewsCollectionPresenter.swift */; };
		7F990D6A2A6DDE2C004E21BA /* NewsCollectionDisplayLogic.swift in Sources */ = {isa = PBXBuildFile; fileRef = 7F990D692A6DDE2C004E21BA /* NewsCollectionDisplayLogic.swift */; };
		7F990D6C2A6DDEA1004E21BA /* NewsCollectionConfigurator.swift in Sources */ = {isa = PBXBuildFile; fileRef = 7F990D6B2A6DDEA1004E21BA /* NewsCollectionConfigurator.swift */; };
		7F990D6F2A6DDF3E004E21BA /* Category.swift in Sources */ = {isa = PBXBuildFile; fileRef = 7F990D6E2A6DDF3E004E21BA /* Category.swift */; };
		7F990D712A6DDFD1004E21BA /* UIViewControllerExtensions.swift in Sources */ = {isa = PBXBuildFile; fileRef = 7F990D702A6DDFD1004E21BA /* UIViewControllerExtensions.swift */; };
		7F990D732A6DE056004E21BA /* UIColorExtensions.swift in Sources */ = {isa = PBXBuildFile; fileRef = 7F990D722A6DE056004E21BA /* UIColorExtensions.swift */; };
		7F990D752A6E80DD004E21BA /* HttpClient.swift in Sources */ = {isa = PBXBuildFile; fileRef = 7F990D742A6E80DD004E21BA /* HttpClient.swift */; };
		7FCD4FCB269FD6A300824E27 /* NewsResponse.swift in Sources */ = {isa = PBXBuildFile; fileRef = 7FCD4FCA269FD6A300824E27 /* NewsResponse.swift */; };
		7FE494E4283DAC89003E2963 /* NewsCollectionVCTests.swift in Sources */ = {isa = PBXBuildFile; fileRef = 7FE494E3283DAC89003E2963 /* NewsCollectionVCTests.swift */; };
		7FE494E6283DAD94003E2963 /* MockURLSession.swift in Sources */ = {isa = PBXBuildFile; fileRef = 7FE494E5283DAD94003E2963 /* MockURLSession.swift */; };
		7FE4F04026A4106800CDBBAB /* CViewCell.swift in Sources */ = {isa = PBXBuildFile; fileRef = 7FE4F03F26A4106800CDBBAB /* CViewCell.swift */; };
		7FE4F04326A4118900CDBBAB /* NewsCollectionVC.swift in Sources */ = {isa = PBXBuildFile; fileRef = 7FE4F04226A4118900CDBBAB /* NewsCollectionVC.swift */; };
		7FF9CD7F285EA132008E8808 /* TestHelpers.swift in Sources */ = {isa = PBXBuildFile; fileRef = 7FF9CD7E285EA132008E8808 /* TestHelpers.swift */; };
		7FF9CD81285EABFA008E8808 /* ViewControllerPresentationSpy.xcframework in Frameworks */ = {isa = PBXBuildFile; fileRef = 7FF9CD80285EABFA008E8808 /* ViewControllerPresentationSpy.xcframework */; };
		7FF9CD83285EAC10008E8808 /* ViewControllerPresentationSpy.xcframework in CopyFiles */ = {isa = PBXBuildFile; fileRef = 7FF9CD80285EABFA008E8808 /* ViewControllerPresentationSpy.xcframework */; };
/* End PBXBuildFile section */

/* Begin PBXContainerItemProxy section */
		7FE494DC283DAB9E003E2963 /* PBXContainerItemProxy */ = {
			isa = PBXContainerItemProxy;
			containerPortal = 7F0E82DC269FC5BC00FA607E /* Project object */;
			proxyType = 1;
			remoteGlobalIDString = 7F0E82E3269FC5BC00FA607E;
			remoteInfo = "News+";
		};
/* End PBXContainerItemProxy section */

/* Begin PBXCopyFilesBuildPhase section */
		7FF9CD82285EAC06008E8808 /* CopyFiles */ = {
			isa = PBXCopyFilesBuildPhase;
			buildActionMask = 2147483647;
			dstPath = "";
			dstSubfolderSpec = 16;
			files = (
				7FF9CD83285EAC10008E8808 /* ViewControllerPresentationSpy.xcframework in CopyFiles */,
			);
			runOnlyForDeploymentPostprocessing = 0;
		};
/* End PBXCopyFilesBuildPhase section */

/* Begin PBXFileReference section */
		7F0E82E4269FC5BC00FA607E /* News+.app */ = {isa = PBXFileReference; explicitFileType = wrapper.application; includeInIndex = 0; path = "News+.app"; sourceTree = BUILT_PRODUCTS_DIR; };
		7F0E82E7269FC5BC00FA607E /* AppDelegate.swift */ = {isa = PBXFileReference; lastKnownFileType = sourcecode.swift; path = AppDelegate.swift; sourceTree = "<group>"; };
		7F0E82E9269FC5BC00FA607E /* SceneDelegate.swift */ = {isa = PBXFileReference; lastKnownFileType = sourcecode.swift; path = SceneDelegate.swift; sourceTree = "<group>"; };
		7F0E82EE269FC5BC00FA607E /* Base */ = {isa = PBXFileReference; lastKnownFileType = file.storyboard; name = Base; path = Base.lproj/Main.storyboard; sourceTree = "<group>"; };
		7F0E82F0269FC5BD00FA607E /* Assets.xcassets */ = {isa = PBXFileReference; lastKnownFileType = folder.assetcatalog; path = Assets.xcassets; sourceTree = "<group>"; };
		7F0E82F3269FC5BD00FA607E /* Base */ = {isa = PBXFileReference; lastKnownFileType = file.storyboard; name = Base; path = Base.lproj/LaunchScreen.storyboard; sourceTree = "<group>"; };
		7F0E82F5269FC5BD00FA607E /* Info.plist */ = {isa = PBXFileReference; lastKnownFileType = text.plist.xml; path = Info.plist; sourceTree = "<group>"; };
		7F29D19426AB455300095F0C /* Secrets.xcconfig */ = {isa = PBXFileReference; lastKnownFileType = text.xcconfig; path = Secrets.xcconfig; sourceTree = "<group>"; };
		7F588CA226C94A270064B1A3 /* NewsNetworkWorker.swift */ = {isa = PBXFileReference; lastKnownFileType = sourcecode.swift; path = NewsNetworkWorker.swift; sourceTree = "<group>"; };
		7F588CA526C94BD90064B1A3 /* NError.swift */ = {isa = PBXFileReference; lastKnownFileType = sourcecode.swift; path = NError.swift; sourceTree = "<group>"; };
		7F588CA726C952680064B1A3 /* Result.swift */ = {isa = PBXFileReference; lastKnownFileType = sourcecode.swift; path = Result.swift; sourceTree = "<group>"; };
		7F59742D26A4F7C4003CDC96 /* UIImageExtensions.swift */ = {isa = PBXFileReference; lastKnownFileType = sourcecode.swift; path = UIImageExtensions.swift; sourceTree = "<group>"; };
		7F990D5F2A6DDD51004E21BA /* NewsCollectionDataStore.swift */ = {isa = PBXFileReference; lastKnownFileType = sourcecode.swift; path = NewsCollectionDataStore.swift; sourceTree = "<group>"; };
		7F990D632A6DDD9D004E21BA /* NewsCollectionModel.swift */ = {isa = PBXFileReference; lastKnownFileType = sourcecode.swift; path = NewsCollectionModel.swift; sourceTree = "<group>"; };
		7F990D652A6DDDEF004E21BA /* NewsCollectionInteractor.swift */ = {isa = PBXFileReference; lastKnownFileType = sourcecode.swift; path = NewsCollectionInteractor.swift; sourceTree = "<group>"; };
		7F990D672A6DDE0F004E21BA /* NewsCollectionPresenter.swift */ = {isa = PBXFileReference; lastKnownFileType = sourcecode.swift; path = NewsCollectionPresenter.swift; sourceTree = "<group>"; };
		7F990D692A6DDE2C004E21BA /* NewsCollectionDisplayLogic.swift */ = {isa = PBXFileReference; lastKnownFileType = sourcecode.swift; path = NewsCollectionDisplayLogic.swift; sourceTree = "<group>"; };
		7F990D6B2A6DDEA1004E21BA /* NewsCollectionConfigurator.swift */ = {isa = PBXFileReference; lastKnownFileType = sourcecode.swift; path = NewsCollectionConfigurator.swift; sourceTree = "<group>"; };
		7F990D6E2A6DDF3E004E21BA /* Category.swift */ = {isa = PBXFileReference; lastKnownFileType = sourcecode.swift; path = Category.swift; sourceTree = "<group>"; };
		7F990D702A6DDFD1004E21BA /* UIViewControllerExtensions.swift */ = {isa = PBXFileReference; lastKnownFileType = sourcecode.swift; path = UIViewControllerExtensions.swift; sourceTree = "<group>"; };
		7F990D722A6DE056004E21BA /* UIColorExtensions.swift */ = {isa = PBXFileReference; lastKnownFileType = sourcecode.swift; path = UIColorExtensions.swift; sourceTree = "<group>"; };
		7F990D742A6E80DD004E21BA /* HttpClient.swift */ = {isa = PBXFileReference; lastKnownFileType = sourcecode.swift; path = HttpClient.swift; sourceTree = "<group>"; };
		7FCD4FCA269FD6A300824E27 /* NewsResponse.swift */ = {isa = PBXFileReference; lastKnownFileType = sourcecode.swift; path = NewsResponse.swift; sourceTree = "<group>"; };
		7FE494D8283DAB9E003E2963 /* News+Tests.xctest */ = {isa = PBXFileReference; explicitFileType = wrapper.cfbundle; includeInIndex = 0; path = "News+Tests.xctest"; sourceTree = BUILT_PRODUCTS_DIR; };
		7FE494E3283DAC89003E2963 /* NewsCollectionVCTests.swift */ = {isa = PBXFileReference; lastKnownFileType = sourcecode.swift; path = NewsCollectionVCTests.swift; sourceTree = "<group>"; };
		7FE494E5283DAD94003E2963 /* MockURLSession.swift */ = {isa = PBXFileReference; lastKnownFileType = sourcecode.swift; path = MockURLSession.swift; sourceTree = "<group>"; };
		7FE4F03F26A4106800CDBBAB /* CViewCell.swift */ = {isa = PBXFileReference; lastKnownFileType = sourcecode.swift; path = CViewCell.swift; sourceTree = "<group>"; };
		7FE4F04226A4118900CDBBAB /* NewsCollectionVC.swift */ = {isa = PBXFileReference; lastKnownFileType = sourcecode.swift; path = NewsCollectionVC.swift; sourceTree = "<group>"; };
		7FF9CD7E285EA132008E8808 /* TestHelpers.swift */ = {isa = PBXFileReference; lastKnownFileType = sourcecode.swift; path = TestHelpers.swift; sourceTree = "<group>"; };
		7FF9CD80285EABFA008E8808 /* ViewControllerPresentationSpy.xcframework */ = {isa = PBXFileReference; lastKnownFileType = wrapper.xcframework; path = ViewControllerPresentationSpy.xcframework; sourceTree = "<group>"; };
/* End PBXFileReference section */

/* Begin PBXFrameworksBuildPhase section */
		7F0E82E1269FC5BC00FA607E /* Frameworks */ = {
			isa = PBXFrameworksBuildPhase;
			buildActionMask = 2147483647;
			files = (
			);
			runOnlyForDeploymentPostprocessing = 0;
		};
		7FE494D5283DAB9E003E2963 /* Frameworks */ = {
			isa = PBXFrameworksBuildPhase;
			buildActionMask = 2147483647;
			files = (
				7FF9CD81285EABFA008E8808 /* ViewControllerPresentationSpy.xcframework in Frameworks */,
			);
			runOnlyForDeploymentPostprocessing = 0;
		};
/* End PBXFrameworksBuildPhase section */

/* Begin PBXGroup section */
		7F0E82DB269FC5BC00FA607E = {
			isa = PBXGroup;
			children = (
				7F0E82E6269FC5BC00FA607E /* News+ */,
				7FE494D9283DAB9E003E2963 /* News+Tests */,
				7F0E82E5269FC5BC00FA607E /* Products */,
			);
			sourceTree = "<group>";
		};
		7F0E82E5269FC5BC00FA607E /* Products */ = {
			isa = PBXGroup;
			children = (
				7F0E82E4269FC5BC00FA607E /* News+.app */,
				7FE494D8283DAB9E003E2963 /* News+Tests.xctest */,
			);
			name = Products;
			sourceTree = "<group>";
		};
		7F0E82E6269FC5BC00FA607E /* News+ */ = {
			isa = PBXGroup;
			children = (
				7F0E82E7269FC5BC00FA607E /* AppDelegate.swift */,
				7F0E82E9269FC5BC00FA607E /* SceneDelegate.swift */,
				7F29D19426AB455300095F0C /* Secrets.xcconfig */,
				7F0E82F2269FC5BD00FA607E /* LaunchScreen.storyboard */,
				7F0E82F0269FC5BD00FA607E /* Assets.xcassets */,
				7F0E82F5269FC5BD00FA607E /* Info.plist */,
				7F990D5D2A6DDD13004E21BA /* Domain */,
				7F588CA126C94A120064B1A3 /* Network */,
				7F588CA426C94B8B0064B1A3 /* Utilities */,
				7FD01D9426CA923F0008E31F /* Extensions */,
			);
			path = "News+";
			sourceTree = "<group>";
		};
		7F588CA126C94A120064B1A3 /* Network */ = {
			isa = PBXGroup;
			children = (
				7F588CA226C94A270064B1A3 /* NewsNetworkWorker.swift */,
				7F990D742A6E80DD004E21BA /* HttpClient.swift */,
			);
			path = Network;
			sourceTree = "<group>";
		};
		7F588CA426C94B8B0064B1A3 /* Utilities */ = {
			isa = PBXGroup;
			children = (
				7F588CA526C94BD90064B1A3 /* NError.swift */,
				7F588CA726C952680064B1A3 /* Result.swift */,
			);
			path = Utilities;
			sourceTree = "<group>";
		};
		7F990D5D2A6DDD13004E21BA /* Domain */ = {
			isa = PBXGroup;
			children = (
				7F990D5E2A6DDD1C004E21BA /* News */,
			);
			path = Domain;
			sourceTree = "<group>";
		};
		7F990D5E2A6DDD1C004E21BA /* News */ = {
			isa = PBXGroup;
			children = (
				7F990D6D2A6DDF32004E21BA /* Utilities */,
				7F990D622A6DDD7F004E21BA /* UI Compnents */,
				7F990D612A6DDD6A004E21BA /* Scenes */,
				7FCD4FD026A0166D00824E27 /* Model */,
				7F990D632A6DDD9D004E21BA /* NewsCollectionModel.swift */,
				7F990D5F2A6DDD51004E21BA /* NewsCollectionDataStore.swift */,
				7F990D652A6DDDEF004E21BA /* NewsCollectionInteractor.swift */,
				7F990D672A6DDE0F004E21BA /* NewsCollectionPresenter.swift */,
				7F990D692A6DDE2C004E21BA /* NewsCollectionDisplayLogic.swift */,
				7F990D6B2A6DDEA1004E21BA /* NewsCollectionConfigurator.swift */,
			);
			path = News;
			sourceTree = "<group>";
		};
		7F990D612A6DDD6A004E21BA /* Scenes */ = {
			isa = PBXGroup;
			children = (
				7FE4F04226A4118900CDBBAB /* NewsCollectionVC.swift */,
				7F0E82ED269FC5BC00FA607E /* Main.storyboard */,
			);
			path = Scenes;
			sourceTree = "<group>";
		};
		7F990D622A6DDD7F004E21BA /* UI Compnents */ = {
			isa = PBXGroup;
			children = (
				7FE4F03F26A4106800CDBBAB /* CViewCell.swift */,
			);
			path = "UI Compnents";
			sourceTree = "<group>";
		};
		7F990D6D2A6DDF32004E21BA /* Utilities */ = {
			isa = PBXGroup;
			children = (
				7F990D6E2A6DDF3E004E21BA /* Category.swift */,
			);
			path = Utilities;
			sourceTree = "<group>";
		};
		7FCD4FD026A0166D00824E27 /* Model */ = {
			isa = PBXGroup;
			children = (
				7FCD4FCA269FD6A300824E27 /* NewsResponse.swift */,
			);
			path = Model;
			sourceTree = "<group>";
		};
		7FD01D9426CA923F0008E31F /* Extensions */ = {
			isa = PBXGroup;
			children = (
				7F59742D26A4F7C4003CDC96 /* UIImageExtensions.swift */,
				7F990D702A6DDFD1004E21BA /* UIViewControllerExtensions.swift */,
				7F990D722A6DE056004E21BA /* UIColorExtensions.swift */,
			);
			path = Extensions;
			sourceTree = "<group>";
		};
		7FE494D9283DAB9E003E2963 /* News+Tests */ = {
			isa = PBXGroup;
			children = (
				7FF9CD80285EABFA008E8808 /* ViewControllerPresentationSpy.xcframework */,
				7FE494E3283DAC89003E2963 /* NewsCollectionVCTests.swift */,
				7FE494E5283DAD94003E2963 /* MockURLSession.swift */,
				7FF9CD7E285EA132008E8808 /* TestHelpers.swift */,
			);
			path = "News+Tests";
			sourceTree = "<group>";
		};
/* End PBXGroup section */

/* Begin PBXNativeTarget section */
		7F0E82E3269FC5BC00FA607E /* News+ */ = {
			isa = PBXNativeTarget;
			buildConfigurationList = 7F0E82F8269FC5BD00FA607E /* Build configuration list for PBXNativeTarget "News+" */;
			buildPhases = (
				7F0E82E0269FC5BC00FA607E /* Sources */,
				7F0E82E1269FC5BC00FA607E /* Frameworks */,
				7F0E82E2269FC5BC00FA607E /* Resources */,
			);
			buildRules = (
			);
			dependencies = (
			);
			name = "News+";
			productName = "News+";
			productReference = 7F0E82E4269FC5BC00FA607E /* News+.app */;
			productType = "com.apple.product-type.application";
		};
		7FE494D7283DAB9E003E2963 /* News+Tests */ = {
			isa = PBXNativeTarget;
			buildConfigurationList = 7FE494E0283DAB9E003E2963 /* Build configuration list for PBXNativeTarget "News+Tests" */;
			buildPhases = (
				7FE494D4283DAB9E003E2963 /* Sources */,
				7FE494D5283DAB9E003E2963 /* Frameworks */,
				7FE494D6283DAB9E003E2963 /* Resources */,
				7FF9CD82285EAC06008E8808 /* CopyFiles */,
			);
			buildRules = (
			);
			dependencies = (
				7FE494DD283DAB9E003E2963 /* PBXTargetDependency */,
			);
			name = "News+Tests";
			productName = "News+Tests";
			productReference = 7FE494D8283DAB9E003E2963 /* News+Tests.xctest */;
			productType = "com.apple.product-type.bundle.unit-test";
		};
/* End PBXNativeTarget section */

/* Begin PBXProject section */
		7F0E82DC269FC5BC00FA607E /* Project object */ = {
			isa = PBXProject;
			attributes = {
				LastSwiftUpdateCheck = 1330;
				LastUpgradeCheck = 1240;
				TargetAttributes = {
					7F0E82E3269FC5BC00FA607E = {
						CreatedOnToolsVersion = 12.4;
					};
					7FE494D7283DAB9E003E2963 = {
						CreatedOnToolsVersion = 13.3.1;
						LastSwiftMigration = 1330;
						TestTargetID = 7F0E82E3269FC5BC00FA607E;
					};
				};
			};
			buildConfigurationList = 7F0E82DF269FC5BC00FA607E /* Build configuration list for PBXProject "News+" */;
			compatibilityVersion = "Xcode 9.3";
			developmentRegion = en;
			hasScannedForEncodings = 0;
			knownRegions = (
				en,
				Base,
			);
			mainGroup = 7F0E82DB269FC5BC00FA607E;
			productRefGroup = 7F0E82E5269FC5BC00FA607E /* Products */;
			projectDirPath = "";
			projectRoot = "";
			targets = (
				7F0E82E3269FC5BC00FA607E /* News+ */,
				7FE494D7283DAB9E003E2963 /* News+Tests */,
			);
		};
/* End PBXProject section */

/* Begin PBXResourcesBuildPhase section */
		7F0E82E2269FC5BC00FA607E /* Resources */ = {
			isa = PBXResourcesBuildPhase;
			buildActionMask = 2147483647;
			files = (
				7F0E82F4269FC5BD00FA607E /* LaunchScreen.storyboard in Resources */,
				7F0E82F1269FC5BD00FA607E /* Assets.xcassets in Resources */,
				7F0E82EF269FC5BC00FA607E /* Main.storyboard in Resources */,
			);
			runOnlyForDeploymentPostprocessing = 0;
		};
		7FE494D6283DAB9E003E2963 /* Resources */ = {
			isa = PBXResourcesBuildPhase;
			buildActionMask = 2147483647;
			files = (
			);
			runOnlyForDeploymentPostprocessing = 0;
		};
/* End PBXResourcesBuildPhase section */

/* Begin PBXSourcesBuildPhase section */
		7F0E82E0269FC5BC00FA607E /* Sources */ = {
			isa = PBXSourcesBuildPhase;
			buildActionMask = 2147483647;
			files = (
				7F588CA326C94A270064B1A3 /* NewsNetworkWorker.swift in Sources */,
				7F990D6A2A6DDE2C004E21BA /* NewsCollectionDisplayLogic.swift in Sources */,
				7FE4F04026A4106800CDBBAB /* CViewCell.swift in Sources */,
				7FE4F04326A4118900CDBBAB /* NewsCollectionVC.swift in Sources */,
				7F990D712A6DDFD1004E21BA /* UIViewControllerExtensions.swift in Sources */,
				7F588CA626C94BD90064B1A3 /* NError.swift in Sources */,
				7F990D732A6DE056004E21BA /* UIColorExtensions.swift in Sources */,
				7F59742E26A4F7C4003CDC96 /* UIImageExtensions.swift in Sources */,
				7F0E82E8269FC5BC00FA607E /* AppDelegate.swift in Sources */,
				7F0E82EA269FC5BC00FA607E /* SceneDelegate.swift in Sources */,
				7F990D752A6E80DD004E21BA /* HttpClient.swift in Sources */,
				7FCD4FCB269FD6A300824E27 /* NewsResponse.swift in Sources */,
				7F990D682A6DDE0F004E21BA /* NewsCollectionPresenter.swift in Sources */,
				7F990D6F2A6DDF3E004E21BA /* Category.swift in Sources */,
				7F588CA826C952680064B1A3 /* Result.swift in Sources */,
				7F990D642A6DDD9D004E21BA /* NewsCollectionModel.swift in Sources */,
				7F990D602A6DDD51004E21BA /* NewsCollectionDataStore.swift in Sources */,
				7F990D6C2A6DDEA1004E21BA /* NewsCollectionConfigurator.swift in Sources */,
				7F990D662A6DDDEF004E21BA /* NewsCollectionInteractor.swift in Sources */,
			);
			runOnlyForDeploymentPostprocessing = 0;
		};
		7FE494D4283DAB9E003E2963 /* Sources */ = {
			isa = PBXSourcesBuildPhase;
			buildActionMask = 2147483647;
			files = (
				7FE494E6283DAD94003E2963 /* MockURLSession.swift in Sources */,
				7FE494E4283DAC89003E2963 /* NewsCollectionVCTests.swift in Sources */,
				7FF9CD7F285EA132008E8808 /* TestHelpers.swift in Sources */,
			);
			runOnlyForDeploymentPostprocessing = 0;
		};
/* End PBXSourcesBuildPhase section */

/* Begin PBXTargetDependency section */
		7FE494DD283DAB9E003E2963 /* PBXTargetDependency */ = {
			isa = PBXTargetDependency;
			target = 7F0E82E3269FC5BC00FA607E /* News+ */;
			targetProxy = 7FE494DC283DAB9E003E2963 /* PBXContainerItemProxy */;
		};
/* End PBXTargetDependency section */

/* Begin PBXVariantGroup section */
		7F0E82ED269FC5BC00FA607E /* Main.storyboard */ = {
			isa = PBXVariantGroup;
			children = (
				7F0E82EE269FC5BC00FA607E /* Base */,
			);
			name = Main.storyboard;
			sourceTree = "<group>";
		};
		7F0E82F2269FC5BD00FA607E /* LaunchScreen.storyboard */ = {
			isa = PBXVariantGroup;
			children = (
				7F0E82F3269FC5BD00FA607E /* Base */,
			);
			name = LaunchScreen.storyboard;
			sourceTree = "<group>";
		};
/* End PBXVariantGroup section */

/* Begin XCBuildConfiguration section */
		7F0E82F6269FC5BD00FA607E /* Debug */ = {
			isa = XCBuildConfiguration;
			baseConfigurationReference = 7F29D19426AB455300095F0C /* Secrets.xcconfig */;
			buildSettings = {
				ALWAYS_SEARCH_USER_PATHS = NO;
				CLANG_ANALYZER_NONNULL = YES;
				CLANG_ANALYZER_NUMBER_OBJECT_CONVERSION = YES_AGGRESSIVE;
				CLANG_CXX_LANGUAGE_STANDARD = "gnu++14";
				CLANG_CXX_LIBRARY = "libc++";
				CLANG_ENABLE_MODULES = YES;
				CLANG_ENABLE_OBJC_ARC = YES;
				CLANG_ENABLE_OBJC_WEAK = YES;
				CLANG_WARN_BLOCK_CAPTURE_AUTORELEASING = YES;
				CLANG_WARN_BOOL_CONVERSION = YES;
				CLANG_WARN_COMMA = YES;
				CLANG_WARN_CONSTANT_CONVERSION = YES;
				CLANG_WARN_DEPRECATED_OBJC_IMPLEMENTATIONS = YES;
				CLANG_WARN_DIRECT_OBJC_ISA_USAGE = YES_ERROR;
				CLANG_WARN_DOCUMENTATION_COMMENTS = YES;
				CLANG_WARN_EMPTY_BODY = YES;
				CLANG_WARN_ENUM_CONVERSION = YES;
				CLANG_WARN_INFINITE_RECURSION = YES;
				CLANG_WARN_INT_CONVERSION = YES;
				CLANG_WARN_NON_LITERAL_NULL_CONVERSION = YES;
				CLANG_WARN_OBJC_IMPLICIT_RETAIN_SELF = YES;
				CLANG_WARN_OBJC_LITERAL_CONVERSION = YES;
				CLANG_WARN_OBJC_ROOT_CLASS = YES_ERROR;
				CLANG_WARN_QUOTED_INCLUDE_IN_FRAMEWORK_HEADER = YES;
				CLANG_WARN_RANGE_LOOP_ANALYSIS = YES;
				CLANG_WARN_STRICT_PROTOTYPES = YES;
				CLANG_WARN_SUSPICIOUS_MOVE = YES;
				CLANG_WARN_UNGUARDED_AVAILABILITY = YES_AGGRESSIVE;
				CLANG_WARN_UNREACHABLE_CODE = YES;
				CLANG_WARN__DUPLICATE_METHOD_MATCH = YES;
				COPY_PHASE_STRIP = NO;
				DEBUG_INFORMATION_FORMAT = dwarf;
				ENABLE_STRICT_OBJC_MSGSEND = YES;
				ENABLE_TESTABILITY = YES;
				GCC_C_LANGUAGE_STANDARD = gnu11;
				GCC_DYNAMIC_NO_PIC = NO;
				GCC_NO_COMMON_BLOCKS = YES;
				GCC_OPTIMIZATION_LEVEL = 0;
				GCC_PREPROCESSOR_DEFINITIONS = (
					"DEBUG=1",
					"$(inherited)",
				);
				GCC_WARN_64_TO_32_BIT_CONVERSION = YES;
				GCC_WARN_ABOUT_RETURN_TYPE = YES_ERROR;
				GCC_WARN_UNDECLARED_SELECTOR = YES;
				GCC_WARN_UNINITIALIZED_AUTOS = YES_AGGRESSIVE;
				GCC_WARN_UNUSED_FUNCTION = YES;
				GCC_WARN_UNUSED_VARIABLE = YES;
				IPHONEOS_DEPLOYMENT_TARGET = 14.4;
				MTL_ENABLE_DEBUG_INFO = INCLUDE_SOURCE;
				MTL_FAST_MATH = YES;
				ONLY_ACTIVE_ARCH = YES;
				SDKROOT = iphoneos;
				SWIFT_ACTIVE_COMPILATION_CONDITIONS = DEBUG;
				SWIFT_OPTIMIZATION_LEVEL = "-Onone";
			};
			name = Debug;
		};
		7F0E82F7269FC5BD00FA607E /* Release */ = {
			isa = XCBuildConfiguration;
			baseConfigurationReference = 7F29D19426AB455300095F0C /* Secrets.xcconfig */;
			buildSettings = {
				ALWAYS_SEARCH_USER_PATHS = NO;
				CLANG_ANALYZER_NONNULL = YES;
				CLANG_ANALYZER_NUMBER_OBJECT_CONVERSION = YES_AGGRESSIVE;
				CLANG_CXX_LANGUAGE_STANDARD = "gnu++14";
				CLANG_CXX_LIBRARY = "libc++";
				CLANG_ENABLE_MODULES = YES;
				CLANG_ENABLE_OBJC_ARC = YES;
				CLANG_ENABLE_OBJC_WEAK = YES;
				CLANG_WARN_BLOCK_CAPTURE_AUTORELEASING = YES;
				CLANG_WARN_BOOL_CONVERSION = YES;
				CLANG_WARN_COMMA = YES;
				CLANG_WARN_CONSTANT_CONVERSION = YES;
				CLANG_WARN_DEPRECATED_OBJC_IMPLEMENTATIONS = YES;
				CLANG_WARN_DIRECT_OBJC_ISA_USAGE = YES_ERROR;
				CLANG_WARN_DOCUMENTATION_COMMENTS = YES;
				CLANG_WARN_EMPTY_BODY = YES;
				CLANG_WARN_ENUM_CONVERSION = YES;
				CLANG_WARN_INFINITE_RECURSION = YES;
				CLANG_WARN_INT_CONVERSION = YES;
				CLANG_WARN_NON_LITERAL_NULL_CONVERSION = YES;
				CLANG_WARN_OBJC_IMPLICIT_RETAIN_SELF = YES;
				CLANG_WARN_OBJC_LITERAL_CONVERSION = YES;
				CLANG_WARN_OBJC_ROOT_CLASS = YES_ERROR;
				CLANG_WARN_QUOTED_INCLUDE_IN_FRAMEWORK_HEADER = YES;
				CLANG_WARN_RANGE_LOOP_ANALYSIS = YES;
				CLANG_WARN_STRICT_PROTOTYPES = YES;
				CLANG_WARN_SUSPICIOUS_MOVE = YES;
				CLANG_WARN_UNGUARDED_AVAILABILITY = YES_AGGRESSIVE;
				CLANG_WARN_UNREACHABLE_CODE = YES;
				CLANG_WARN__DUPLICATE_METHOD_MATCH = YES;
				COPY_PHASE_STRIP = NO;
				DEBUG_INFORMATION_FORMAT = "dwarf-with-dsym";
				ENABLE_NS_ASSERTIONS = NO;
				ENABLE_STRICT_OBJC_MSGSEND = YES;
				GCC_C_LANGUAGE_STANDARD = gnu11;
				GCC_NO_COMMON_BLOCKS = YES;
				GCC_WARN_64_TO_32_BIT_CONVERSION = YES;
				GCC_WARN_ABOUT_RETURN_TYPE = YES_ERROR;
				GCC_WARN_UNDECLARED_SELECTOR = YES;
				GCC_WARN_UNINITIALIZED_AUTOS = YES_AGGRESSIVE;
				GCC_WARN_UNUSED_FUNCTION = YES;
				GCC_WARN_UNUSED_VARIABLE = YES;
				IPHONEOS_DEPLOYMENT_TARGET = 14.4;
				MTL_ENABLE_DEBUG_INFO = NO;
				MTL_FAST_MATH = YES;
				SDKROOT = iphoneos;
				SWIFT_COMPILATION_MODE = wholemodule;
				SWIFT_OPTIMIZATION_LEVEL = "-O";
				VALIDATE_PRODUCT = YES;
			};
			name = Release;
		};
		7F0E82F9269FC5BD00FA607E /* Debug */ = {
			isa = XCBuildConfiguration;
			buildSettings = {
				ASSETCATALOG_COMPILER_APPICON_NAME = AppIcon;
				ASSETCATALOG_COMPILER_GLOBAL_ACCENT_COLOR_NAME = AccentColor;
				CODE_SIGN_STYLE = Automatic;
				INFOPLIST_FILE = "News+/Info.plist";
				LD_RUNPATH_SEARCH_PATHS = (
					"$(inherited)",
					"@executable_path/Frameworks",
				);
				PRODUCT_BUNDLE_IDENTIFIER = "com.esikmalazman.News-";
				PRODUCT_NAME = "$(TARGET_NAME)";
				SWIFT_VERSION = 5.0;
				TARGETED_DEVICE_FAMILY = "1,2";
			};
			name = Debug;
		};
		7F0E82FA269FC5BD00FA607E /* Release */ = {
			isa = XCBuildConfiguration;
			buildSettings = {
				ASSETCATALOG_COMPILER_APPICON_NAME = AppIcon;
				ASSETCATALOG_COMPILER_GLOBAL_ACCENT_COLOR_NAME = AccentColor;
				CODE_SIGN_STYLE = Automatic;
				INFOPLIST_FILE = "News+/Info.plist";
				LD_RUNPATH_SEARCH_PATHS = (
					"$(inherited)",
					"@executable_path/Frameworks",
				);
				PRODUCT_BUNDLE_IDENTIFIER = "com.esikmalazman.News-";
				PRODUCT_NAME = "$(TARGET_NAME)";
				SWIFT_VERSION = 5.0;
				TARGETED_DEVICE_FAMILY = "1,2";
			};
			name = Release;
		};
		7FE494DE283DAB9E003E2963 /* Debug */ = {
			isa = XCBuildConfiguration;
			buildSettings = {
				BUNDLE_LOADER = "$(TEST_HOST)";
				CLANG_CXX_LANGUAGE_STANDARD = "gnu++17";
				CLANG_ENABLE_MODULES = YES;
				CODE_SIGN_STYLE = Automatic;
				CURRENT_PROJECT_VERSION = 1;
				GENERATE_INFOPLIST_FILE = YES;
				IPHONEOS_DEPLOYMENT_TARGET = 15.4;
				LD_RUNPATH_SEARCH_PATHS = (
					"$(inherited)",
					"@executable_path/Frameworks",
					"@loader_path/Frameworks",
				);
				MARKETING_VERSION = 1.0;
				PRODUCT_BUNDLE_IDENTIFIER = "com.esikmalazman.News-Tests";
				PRODUCT_NAME = "$(TARGET_NAME)";
				SWIFT_EMIT_LOC_STRINGS = NO;
				SWIFT_OPTIMIZATION_LEVEL = "-Onone";
				SWIFT_VERSION = 5.0;
				TARGETED_DEVICE_FAMILY = "1,2";
				TEST_HOST = "$(BUILT_PRODUCTS_DIR)/News+.app/News+";
			};
			name = Debug;
		};
		7FE494DF283DAB9E003E2963 /* Release */ = {
			isa = XCBuildConfiguration;
			buildSettings = {
				BUNDLE_LOADER = "$(TEST_HOST)";
				CLANG_CXX_LANGUAGE_STANDARD = "gnu++17";
				CLANG_ENABLE_MODULES = YES;
				CODE_SIGN_STYLE = Automatic;
				CURRENT_PROJECT_VERSION = 1;
				GENERATE_INFOPLIST_FILE = YES;
				IPHONEOS_DEPLOYMENT_TARGET = 15.4;
				LD_RUNPATH_SEARCH_PATHS = (
					"$(inherited)",
					"@executable_path/Frameworks",
					"@loader_path/Frameworks",
				);
				MARKETING_VERSION = 1.0;
				PRODUCT_BUNDLE_IDENTIFIER = "com.esikmalazman.News-Tests";
				PRODUCT_NAME = "$(TARGET_NAME)";
				SWIFT_EMIT_LOC_STRINGS = NO;
				SWIFT_VERSION = 5.0;
				TARGETED_DEVICE_FAMILY = "1,2";
				TEST_HOST = "$(BUILT_PRODUCTS_DIR)/News+.app/News+";
			};
			name = Release;
		};
/* End XCBuildConfiguration section */

/* Begin XCConfigurationList section */
		7F0E82DF269FC5BC00FA607E /* Build configuration list for PBXProject "News+" */ = {
			isa = XCConfigurationList;
			buildConfigurations = (
				7F0E82F6269FC5BD00FA607E /* Debug */,
				7F0E82F7269FC5BD00FA607E /* Release */,
			);
			defaultConfigurationIsVisible = 0;
			defaultConfigurationName = Release;
		};
		7F0E82F8269FC5BD00FA607E /* Build configuration list for PBXNativeTarget "News+" */ = {
			isa = XCConfigurationList;
			buildConfigurations = (
				7F0E82F9269FC5BD00FA607E /* Debug */,
				7F0E82FA269FC5BD00FA607E /* Release */,
			);
			defaultConfigurationIsVisible = 0;
			defaultConfigurationName = Release;
		};
		7FE494E0283DAB9E003E2963 /* Build configuration list for PBXNativeTarget "News+Tests" */ = {
			isa = XCConfigurationList;
			buildConfigurations = (
				7FE494DE283DAB9E003E2963 /* Debug */,
				7FE494DF283DAB9E003E2963 /* Release */,
			);
			defaultConfigurationIsVisible = 0;
			defaultConfigurationName = Release;
		};
/* End XCConfigurationList section */
	};
	rootObject = 7F0E82DC269FC5BC00FA607E /* Project object */;
}
